// !$*UTF8*$!
{
	archiveVersion = 1;
	classes = {
	};
	objectVersion = 56;
	objects = {

/* Begin PBXBuildFile section */
		536DAB4C2B28519F0097624C /* modalPresentation.swift in Sources */ = {isa = PBXBuildFile; fileRef = 536DAB4B2B28519F0097624C /* modalPresentation.swift */; };
		536DAB4E2B2AF9E60097624C /* tabView.swift in Sources */ = {isa = PBXBuildFile; fileRef = 536DAB4D2B2AF9E60097624C /* tabView.swift */; };
		536DAB502B2D71590097624C /* UITestingBootcampView.swift in Sources */ = {isa = PBXBuildFile; fileRef = 536DAB4F2B2D71590097624C /* UITestingBootcampView.swift */; };
		536DAB522B2DD55A0097624C /* customSegmentedView.swift in Sources */ = {isa = PBXBuildFile; fileRef = 536DAB512B2DD55A0097624C /* customSegmentedView.swift */; };
		536DAB742B2F5E890097624C /* ExpandCollapseView.swift in Sources */ = {isa = PBXBuildFile; fileRef = 536DAB732B2F5E890097624C /* ExpandCollapseView.swift */; };
		536DAB762B304AC70097624C /* MapView.swift in Sources */ = {isa = PBXBuildFile; fileRef = 536DAB752B304AC70097624C /* MapView.swift */; };
		536DAB782B30DA6F0097624C /* DiscoGroup.swift in Sources */ = {isa = PBXBuildFile; fileRef = 536DAB772B30DA6F0097624C /* DiscoGroup.swift */; };
		53A34F5E2B32ED74004E0A23 /* SegmentedView.swift in Sources */ = {isa = PBXBuildFile; fileRef = 53A34F5D2B32ED74004E0A23 /* SegmentedView.swift */; };
		53AE02DD2B0DF496002C6E22 /* practicesApp.swift in Sources */ = {isa = PBXBuildFile; fileRef = 53AE02DC2B0DF496002C6E22 /* practicesApp.swift */; };
		53AE02DF2B0DF496002C6E22 /* ContentView.swift in Sources */ = {isa = PBXBuildFile; fileRef = 53AE02DE2B0DF496002C6E22 /* ContentView.swift */; };
		53AE02E12B0DF498002C6E22 /* Assets.xcassets in Resources */ = {isa = PBXBuildFile; fileRef = 53AE02E02B0DF498002C6E22 /* Assets.xcassets */; };
		53AE02E42B0DF498002C6E22 /* Preview Assets.xcassets in Resources */ = {isa = PBXBuildFile; fileRef = 53AE02E32B0DF498002C6E22 /* Preview Assets.xcassets */; };
		53AE02EB2B0E02EA002C6E22 /* scroll.swift in Sources */ = {isa = PBXBuildFile; fileRef = 53AE02EA2B0E02EA002C6E22 /* scroll.swift */; };
		53F8AEBD2B1B3DFB009927D5 /* updatedAnimation.swift in Sources */ = {isa = PBXBuildFile; fileRef = 53F8AEBC2B1B3DFB009927D5 /* updatedAnimation.swift */; };
		53F8AEBF2B1C8F43009927D5 /* hashable.swift in Sources */ = {isa = PBXBuildFile; fileRef = 53F8AEBE2B1C8F43009927D5 /* hashable.swift */; };
/* End PBXBuildFile section */

/* Begin PBXFileReference section */
		536DAB4B2B28519F0097624C /* modalPresentation.swift */ = {isa = PBXFileReference; lastKnownFileType = sourcecode.swift; path = modalPresentation.swift; sourceTree = "<group>"; };
		536DAB4D2B2AF9E60097624C /* tabView.swift */ = {isa = PBXFileReference; lastKnownFileType = sourcecode.swift; path = tabView.swift; sourceTree = "<group>"; };
		536DAB4F2B2D71590097624C /* UITestingBootcampView.swift */ = {isa = PBXFileReference; lastKnownFileType = sourcecode.swift; path = UITestingBootcampView.swift; sourceTree = "<group>"; };
		536DAB512B2DD55A0097624C /* customSegmentedView.swift */ = {isa = PBXFileReference; lastKnownFileType = sourcecode.swift; path = customSegmentedView.swift; sourceTree = "<group>"; };
		536DAB732B2F5E890097624C /* ExpandCollapseView.swift */ = {isa = PBXFileReference; lastKnownFileType = sourcecode.swift; path = ExpandCollapseView.swift; sourceTree = "<group>"; };
		536DAB752B304AC70097624C /* MapView.swift */ = {isa = PBXFileReference; lastKnownFileType = sourcecode.swift; path = MapView.swift; sourceTree = "<group>"; };
		536DAB772B30DA6F0097624C /* DiscoGroup.swift */ = {isa = PBXFileReference; lastKnownFileType = sourcecode.swift; path = DiscoGroup.swift; sourceTree = "<group>"; };
		53A34F5D2B32ED74004E0A23 /* SegmentedView.swift */ = {isa = PBXFileReference; lastKnownFileType = sourcecode.swift; path = SegmentedView.swift; sourceTree = "<group>"; };
		53AE02D92B0DF496002C6E22 /* practices.app */ = {isa = PBXFileReference; explicitFileType = wrapper.application; includeInIndex = 0; path = practices.app; sourceTree = BUILT_PRODUCTS_DIR; };
		53AE02DC2B0DF496002C6E22 /* practicesApp.swift */ = {isa = PBXFileReference; lastKnownFileType = sourcecode.swift; path = practicesApp.swift; sourceTree = "<group>"; };
		53AE02DE2B0DF496002C6E22 /* ContentView.swift */ = {isa = PBXFileReference; lastKnownFileType = sourcecode.swift; path = ContentView.swift; sourceTree = "<group>"; };
		53AE02E02B0DF498002C6E22 /* Assets.xcassets */ = {isa = PBXFileReference; lastKnownFileType = folder.assetcatalog; path = Assets.xcassets; sourceTree = "<group>"; };
		53AE02E32B0DF498002C6E22 /* Preview Assets.xcassets */ = {isa = PBXFileReference; lastKnownFileType = folder.assetcatalog; path = "Preview Assets.xcassets"; sourceTree = "<group>"; };
		53AE02EA2B0E02EA002C6E22 /* scroll.swift */ = {isa = PBXFileReference; lastKnownFileType = sourcecode.swift; path = scroll.swift; sourceTree = "<group>"; };
		53F8AEBC2B1B3DFB009927D5 /* updatedAnimation.swift */ = {isa = PBXFileReference; lastKnownFileType = sourcecode.swift; path = updatedAnimation.swift; sourceTree = "<group>"; };
		53F8AEBE2B1C8F43009927D5 /* hashable.swift */ = {isa = PBXFileReference; lastKnownFileType = sourcecode.swift; path = hashable.swift; sourceTree = "<group>"; };
/* End PBXFileReference section */

/* Begin PBXFrameworksBuildPhase section */
		53AE02D62B0DF496002C6E22 /* Frameworks */ = {
			isa = PBXFrameworksBuildPhase;
			buildActionMask = 2147483647;
			files = (
			);
			runOnlyForDeploymentPostprocessing = 0;
		};
/* End PBXFrameworksBuildPhase section */

/* Begin PBXGroup section */
		53AE02D02B0DF496002C6E22 = {
			isa = PBXGroup;
			children = (
				53AE02DB2B0DF496002C6E22 /* practices */,
				53AE02DA2B0DF496002C6E22 /* Products */,
			);
			sourceTree = "<group>";
		};
		53AE02DA2B0DF496002C6E22 /* Products */ = {
			isa = PBXGroup;
			children = (
				53AE02D92B0DF496002C6E22 /* practices.app */,
			);
			name = Products;
			sourceTree = "<group>";
		};
		53AE02DB2B0DF496002C6E22 /* practices */ = {
			isa = PBXGroup;
			children = (
				53AE02DC2B0DF496002C6E22 /* practicesApp.swift */,
				53F8AEBE2B1C8F43009927D5 /* hashable.swift */,
				53AE02EA2B0E02EA002C6E22 /* scroll.swift */,
				53F8AEBC2B1B3DFB009927D5 /* updatedAnimation.swift */,
				536DAB4F2B2D71590097624C /* UITestingBootcampView.swift */,
				536DAB512B2DD55A0097624C /* customSegmentedView.swift */,
				536DAB752B304AC70097624C /* MapView.swift */,
				53A34F5D2B32ED74004E0A23 /* SegmentedView.swift */,
				536DAB732B2F5E890097624C /* ExpandCollapseView.swift */,
				536DAB4D2B2AF9E60097624C /* tabView.swift */,
				536DAB772B30DA6F0097624C /* DiscoGroup.swift */,
				53AE02DE2B0DF496002C6E22 /* ContentView.swift */,
				53AE02E02B0DF498002C6E22 /* Assets.xcassets */,
				53AE02E22B0DF498002C6E22 /* Preview Content */,
				536DAB4B2B28519F0097624C /* modalPresentation.swift */,
			);
			path = practices;
			sourceTree = "<group>";
		};
		53AE02E22B0DF498002C6E22 /* Preview Content */ = {
			isa = PBXGroup;
			children = (
				53AE02E32B0DF498002C6E22 /* Preview Assets.xcassets */,
			);
			path = "Preview Content";
			sourceTree = "<group>";
		};
/* End PBXGroup section */

/* Begin PBXNativeTarget section */
		53AE02D82B0DF496002C6E22 /* practices */ = {
			isa = PBXNativeTarget;
			buildConfigurationList = 53AE02E72B0DF498002C6E22 /* Build configuration list for PBXNativeTarget "practices" */;
			buildPhases = (
				53AE02D52B0DF496002C6E22 /* Sources */,
				53AE02D62B0DF496002C6E22 /* Frameworks */,
				53AE02D72B0DF496002C6E22 /* Resources */,
			);
			buildRules = (
			);
			dependencies = (
			);
			name = practices;
			productName = practices;
			productReference = 53AE02D92B0DF496002C6E22 /* practices.app */;
			productType = "com.apple.product-type.application";
		};
/* End PBXNativeTarget section */

/* Begin PBXProject section */
		53AE02D12B0DF496002C6E22 /* Project object */ = {
			isa = PBXProject;
			attributes = {
				BuildIndependentTargetsInParallel = 1;
				LastSwiftUpdateCheck = 1500;
				LastUpgradeCheck = 1500;
				TargetAttributes = {
					53AE02D82B0DF496002C6E22 = {
						CreatedOnToolsVersion = 15.0.1;
					};
				};
			};
			buildConfigurationList = 53AE02D42B0DF496002C6E22 /* Build configuration list for PBXProject "practices" */;
			compatibilityVersion = "Xcode 14.0";
			developmentRegion = en;
			hasScannedForEncodings = 0;
			knownRegions = (
				en,
				Base,
			);
			mainGroup = 53AE02D02B0DF496002C6E22;
			productRefGroup = 53AE02DA2B0DF496002C6E22 /* Products */;
			projectDirPath = "";
			projectRoot = "";
			targets = (
				53AE02D82B0DF496002C6E22 /* practices */,
			);
		};
/* End PBXProject section */

/* Begin PBXResourcesBuildPhase section */
		53AE02D72B0DF496002C6E22 /* Resources */ = {
			isa = PBXResourcesBuildPhase;
			buildActionMask = 2147483647;
			files = (
				53AE02E42B0DF498002C6E22 /* Preview Assets.xcassets in Resources */,
				53AE02E12B0DF498002C6E22 /* Assets.xcassets in Resources */,
			);
			runOnlyForDeploymentPostprocessing = 0;
		};
/* End PBXResourcesBuildPhase section */

/* Begin PBXSourcesBuildPhase section */
		53AE02D52B0DF496002C6E22 /* Sources */ = {
			isa = PBXSourcesBuildPhase;
			buildActionMask = 2147483647;
			files = (
				53F8AEBD2B1B3DFB009927D5 /* updatedAnimation.swift in Sources */,
				53AE02EB2B0E02EA002C6E22 /* scroll.swift in Sources */,
				536DAB782B30DA6F0097624C /* DiscoGroup.swift in Sources */,
				536DAB502B2D71590097624C /* UITestingBootcampView.swift in Sources */,
				53A34F5E2B32ED74004E0A23 /* SegmentedView.swift in Sources */,
				536DAB762B304AC70097624C /* MapView.swift in Sources */,
				53F8AEBF2B1C8F43009927D5 /* hashable.swift in Sources */,
				536DAB4C2B28519F0097624C /* modalPresentation.swift in Sources */,
				536DAB522B2DD55A0097624C /* customSegmentedView.swift in Sources */,
				53AE02DF2B0DF496002C6E22 /* ContentView.swift in Sources */,
				536DAB4E2B2AF9E60097624C /* tabView.swift in Sources */,
				53AE02DD2B0DF496002C6E22 /* practicesApp.swift in Sources */,
				536DAB742B2F5E890097624C /* ExpandCollapseView.swift in Sources */,
			);
			runOnlyForDeploymentPostprocessing = 0;
		};
/* End PBXSourcesBuildPhase section */

/* Begin XCBuildConfiguration section */
		53AE02E52B0DF498002C6E22 /* Debug */ = {
			isa = XCBuildConfiguration;
			buildSettings = {
				ALWAYS_SEARCH_USER_PATHS = NO;
				ASSETCATALOG_COMPILER_GENERATE_SWIFT_ASSET_SYMBOL_EXTENSIONS = YES;
				CLANG_ANALYZER_NONNULL = YES;
				CLANG_ANALYZER_NUMBER_OBJECT_CONVERSION = YES_AGGRESSIVE;
				CLANG_CXX_LANGUAGE_STANDARD = "gnu++20";
				CLANG_ENABLE_MODULES = YES;
				CLANG_ENABLE_OBJC_ARC = YES;
				CLANG_ENABLE_OBJC_WEAK = YES;
				CLANG_WARN_BLOCK_CAPTURE_AUTORELEASING = YES;
				CLANG_WARN_BOOL_CONVERSION = YES;
				CLANG_WARN_COMMA = YES;
				CLANG_WARN_CONSTANT_CONVERSION = YES;
				CLANG_WARN_DEPRECATED_OBJC_IMPLEMENTATIONS = YES;
				CLANG_WARN_DIRECT_OBJC_ISA_USAGE = YES_ERROR;
				CLANG_WARN_DOCUMENTATION_COMMENTS = YES;
				CLANG_WARN_EMPTY_BODY = YES;
				CLANG_WARN_ENUM_CONVERSION = YES;
				CLANG_WARN_INFINITE_RECURSION = YES;
				CLANG_WARN_INT_CONVERSION = YES;
				CLANG_WARN_NON_LITERAL_NULL_CONVERSION = YES;
				CLANG_WARN_OBJC_IMPLICIT_RETAIN_SELF = YES;
				CLANG_WARN_OBJC_LITERAL_CONVERSION = YES;
				CLANG_WARN_OBJC_ROOT_CLASS = YES_ERROR;
				CLANG_WARN_QUOTED_INCLUDE_IN_FRAMEWORK_HEADER = YES;
				CLANG_WARN_RANGE_LOOP_ANALYSIS = YES;
				CLANG_WARN_STRICT_PROTOTYPES = YES;
				CLANG_WARN_SUSPICIOUS_MOVE = YES;
				CLANG_WARN_UNGUARDED_AVAILABILITY = YES_AGGRESSIVE;
				CLANG_WARN_UNREACHABLE_CODE = YES;
				CLANG_WARN__DUPLICATE_METHOD_MATCH = YES;
				COPY_PHASE_STRIP = NO;
				DEBUG_INFORMATION_FORMAT = dwarf;
				ENABLE_STRICT_OBJC_MSGSEND = YES;
				ENABLE_TESTABILITY = YES;
				ENABLE_USER_SCRIPT_SANDBOXING = YES;
				GCC_C_LANGUAGE_STANDARD = gnu17;
				GCC_DYNAMIC_NO_PIC = NO;
				GCC_NO_COMMON_BLOCKS = YES;
				GCC_OPTIMIZATION_LEVEL = 0;
				GCC_PREPROCESSOR_DEFINITIONS = (
					"DEBUG=1",
					"$(inherited)",
				);
				GCC_WARN_64_TO_32_BIT_CONVERSION = YES;
				GCC_WARN_ABOUT_RETURN_TYPE = YES_ERROR;
				GCC_WARN_UNDECLARED_SELECTOR = YES;
				GCC_WARN_UNINITIALIZED_AUTOS = YES_AGGRESSIVE;
				GCC_WARN_UNUSED_FUNCTION = YES;
				GCC_WARN_UNUSED_VARIABLE = YES;
				IPHONEOS_DEPLOYMENT_TARGET = 17.0;
				LOCALIZATION_PREFERS_STRING_CATALOGS = YES;
				MTL_ENABLE_DEBUG_INFO = INCLUDE_SOURCE;
				MTL_FAST_MATH = YES;
				ONLY_ACTIVE_ARCH = YES;
				SDKROOT = iphoneos;
				SWIFT_ACTIVE_COMPILATION_CONDITIONS = "DEBUG $(inherited)";
				SWIFT_OPTIMIZATION_LEVEL = "-Onone";
			};
			name = Debug;
		};
		53AE02E62B0DF498002C6E22 /* Release */ = {
			isa = XCBuildConfiguration;
			buildSettings = {
				ALWAYS_SEARCH_USER_PATHS = NO;
				ASSETCATALOG_COMPILER_GENERATE_SWIFT_ASSET_SYMBOL_EXTENSIONS = YES;
				CLANG_ANALYZER_NONNULL = YES;
				CLANG_ANALYZER_NUMBER_OBJECT_CONVERSION = YES_AGGRESSIVE;
				CLANG_CXX_LANGUAGE_STANDARD = "gnu++20";
				CLANG_ENABLE_MODULES = YES;
				CLANG_ENABLE_OBJC_ARC = YES;
				CLANG_ENABLE_OBJC_WEAK = YES;
				CLANG_WARN_BLOCK_CAPTURE_AUTORELEASING = YES;
				CLANG_WARN_BOOL_CONVERSION = YES;
				CLANG_WARN_COMMA = YES;
				CLANG_WARN_CONSTANT_CONVERSION = YES;
				CLANG_WARN_DEPRECATED_OBJC_IMPLEMENTATIONS = YES;
				CLANG_WARN_DIRECT_OBJC_ISA_USAGE = YES_ERROR;
				CLANG_WARN_DOCUMENTATION_COMMENTS = YES;
				CLANG_WARN_EMPTY_BODY = YES;
				CLANG_WARN_ENUM_CONVERSION = YES;
				CLANG_WARN_INFINITE_RECURSION = YES;
				CLANG_WARN_INT_CONVERSION = YES;
				CLANG_WARN_NON_LITERAL_NULL_CONVERSION = YES;
				CLANG_WARN_OBJC_IMPLICIT_RETAIN_SELF = YES;
				CLANG_WARN_OBJC_LITERAL_CONVERSION = YES;
				CLANG_WARN_OBJC_ROOT_CLASS = YES_ERROR;
				CLANG_WARN_QUOTED_INCLUDE_IN_FRAMEWORK_HEADER = YES;
				CLANG_WARN_RANGE_LOOP_ANALYSIS = YES;
				CLANG_WARN_STRICT_PROTOTYPES = YES;
				CLANG_WARN_SUSPICIOUS_MOVE = YES;
				CLANG_WARN_UNGUARDED_AVAILABILITY = YES_AGGRESSIVE;
				CLANG_WARN_UNREACHABLE_CODE = YES;
				CLANG_WARN__DUPLICATE_METHOD_MATCH = YES;
				COPY_PHASE_STRIP = NO;
				DEBUG_INFORMATION_FORMAT = "dwarf-with-dsym";
				ENABLE_NS_ASSERTIONS = NO;
				ENABLE_STRICT_OBJC_MSGSEND = YES;
				ENABLE_USER_SCRIPT_SANDBOXING = YES;
				GCC_C_LANGUAGE_STANDARD = gnu17;
				GCC_NO_COMMON_BLOCKS = YES;
				GCC_WARN_64_TO_32_BIT_CONVERSION = YES;
				GCC_WARN_ABOUT_RETURN_TYPE = YES_ERROR;
				GCC_WARN_UNDECLARED_SELECTOR = YES;
				GCC_WARN_UNINITIALIZED_AUTOS = YES_AGGRESSIVE;
				GCC_WARN_UNUSED_FUNCTION = YES;
				GCC_WARN_UNUSED_VARIABLE = YES;
				IPHONEOS_DEPLOYMENT_TARGET = 17.0;
				LOCALIZATION_PREFERS_STRING_CATALOGS = YES;
				MTL_ENABLE_DEBUG_INFO = NO;
				MTL_FAST_MATH = YES;
				SDKROOT = iphoneos;
				SWIFT_COMPILATION_MODE = wholemodule;
				VALIDATE_PRODUCT = YES;
			};
			name = Release;
		};
		53AE02E82B0DF498002C6E22 /* Debug */ = {
			isa = XCBuildConfiguration;
			buildSettings = {
				ASSETCATALOG_COMPILER_APPICON_NAME = AppIcon;
				ASSETCATALOG_COMPILER_GLOBAL_ACCENT_COLOR_NAME = AccentColor;
				CODE_SIGN_STYLE = Automatic;
				CURRENT_PROJECT_VERSION = 1;
				DEVELOPMENT_ASSET_PATHS = "\"practices/Preview Content\"";
				ENABLE_PREVIEWS = YES;
				GENERATE_INFOPLIST_FILE = YES;
				INFOPLIST_KEY_UIApplicationSceneManifest_Generation = YES;
				INFOPLIST_KEY_UIApplicationSupportsIndirectInputEvents = YES;
				INFOPLIST_KEY_UILaunchScreen_Generation = YES;
				INFOPLIST_KEY_UISupportedInterfaceOrientations_iPad = "UIInterfaceOrientationPortrait UIInterfaceOrientationPortraitUpsideDown UIInterfaceOrientationLandscapeLeft UIInterfaceOrientationLandscapeRight";
				INFOPLIST_KEY_UISupportedInterfaceOrientations_iPhone = "UIInterfaceOrientationPortrait UIInterfaceOrientationLandscapeLeft UIInterfaceOrientationLandscapeRight";
				IPHONEOS_DEPLOYMENT_TARGET = 15.5;
				LD_RUNPATH_SEARCH_PATHS = (
					"$(inherited)",
					"@executable_path/Frameworks",
				);
				MARKETING_VERSION = 1.0;
				PRODUCT_BUNDLE_IDENTIFIER = com.saransh.practices;
				PRODUCT_NAME = "$(TARGET_NAME)";
				SWIFT_EMIT_LOC_STRINGS = YES;
				SWIFT_VERSION = 5.0;
				TARGETED_DEVICE_FAMILY = "1,2";
			};
			name = Debug;
		};
		53AE02E92B0DF498002C6E22 /* Release */ = {
			isa = XCBuildConfiguration;
			buildSettings = {
				ASSETCATALOG_COMPILER_APPICON_NAME = AppIcon;
				ASSETCATALOG_COMPILER_GLOBAL_ACCENT_COLOR_NAME = AccentColor;
				CODE_SIGN_STYLE = Automatic;
				CURRENT_PROJECT_VERSION = 1;
				DEVELOPMENT_ASSET_PATHS = "\"practices/Preview Content\"";
				ENABLE_PREVIEWS = YES;
				GENERATE_INFOPLIST_FILE = YES;
				INFOPLIST_KEY_UIApplicationSceneManifest_Generation = YES;
				INFOPLIST_KEY_UIApplicationSupportsIndirectInputEvents = YES;
				INFOPLIST_KEY_UILaunchScreen_Generation = YES;
				INFOPLIST_KEY_UISupportedInterfaceOrientations_iPad = "UIInterfaceOrientationPortrait UIInterfaceOrientationPortraitUpsideDown UIInterfaceOrientationLandscapeLeft UIInterfaceOrientationLandscapeRight";
				INFOPLIST_KEY_UISupportedInterfaceOrientations_iPhone = "UIInterfaceOrientationPortrait UIInterfaceOrientationLandscapeLeft UIInterfaceOrientationLandscapeRight";
				IPHONEOS_DEPLOYMENT_TARGET = 15.5;
				LD_RUNPATH_SEARCH_PATHS = (
					"$(inherited)",
					"@executable_path/Frameworks",
				);
				MARKETING_VERSION = 1.0;
				PRODUCT_BUNDLE_IDENTIFIER = com.saransh.practices;
				PRODUCT_NAME = "$(TARGET_NAME)";
				SWIFT_EMIT_LOC_STRINGS = YES;
				SWIFT_VERSION = 5.0;
				TARGETED_DEVICE_FAMILY = "1,2";
			};
			name = Release;
		};
/* End XCBuildConfiguration section */

/* Begin XCConfigurationList section */
		53AE02D42B0DF496002C6E22 /* Build configuration list for PBXProject "practices" */ = {
			isa = XCConfigurationList;
			buildConfigurations = (
				53AE02E52B0DF498002C6E22 /* Debug */,
				53AE02E62B0DF498002C6E22 /* Release */,
			);
			defaultConfigurationIsVisible = 0;
			defaultConfigurationName = Release;
		};
		53AE02E72B0DF498002C6E22 /* Build configuration list for PBXNativeTarget "practices" */ = {
			isa = XCConfigurationList;
			buildConfigurations = (
				53AE02E82B0DF498002C6E22 /* Debug */,
				53AE02E92B0DF498002C6E22 /* Release */,
			);
			defaultConfigurationIsVisible = 0;
			defaultConfigurationName = Release;
		};
/* End XCConfigurationList section */
	};
	rootObject = 53AE02D12B0DF496002C6E22 /* Project object */;
}
